
Microsoft Visual Studio Solution File, Format Version 12.00
# Visual Studio Version 17
VisualStudioVersion = 17.3.32825.248
MinimumVisualStudioVersion = 10.0.40219.1
Project("{FAE04EC0-301F-11D3-BF4B-00C04F79EFBC}") = "Harjoitus1", "Harjoitus1\Harjoitus1.csproj", "{F665D86A-C05A-4280-BC74-E75F6F5D8781}"
EndProject
Global
	GlobalSection(SolutionConfigurationPlatforms) = preSolution
		Debug|Any CPU = Debug|Any CPU
		Release|Any CPU = Release|Any CPU
	EndGlobalSection
	GlobalSection(ProjectConfigurationPlatforms) = postSolution
		{F665D86A-C05A-4280-BC74-E75F6F5D8781}.Debug|Any CPU.ActiveCfg = Debug|Any CPU
		{F665D86A-C05A-4280-BC74-E75F6F5D8781}.Debug|Any CPU.Build.0 = Debug|Any CPU
		{F665D86A-C05A-4280-BC74-E75F6F5D8781}.Release|Any CPU.ActiveCfg = Release|Any CPU
		{F665D86A-C05A-4280-BC74-E75F6F5D8781}.Release|Any CPU.Build.0 = Release|Any CPU
	EndGlobalSection
	GlobalSection(SolutionProperties) = preSolution
		HideSolutionNode = FALSE
	EndGlobalSection
	GlobalSection(ExtensibilityGlobals) = postSolution
		SolutionGuid = {50677089-846D-4F00-8442-7547BA803ABA}
	EndGlobalSection
EndGlobal
